
Microsoft Visual Studio Solution File, Format Version 12.00
# Visual Studio Version 16
VisualStudioVersion = 16.0.29306.81
MinimumVisualStudioVersion = 10.0.40219.1
Project("{FAE04EC0-301F-11D3-BF4B-00C04F79EFBC}") = "ChatbotScriptUpdater", "ChatbotScriptUpdater\ChatbotScriptUpdater.csproj", "{14A83A83-44FC-427C-9640-1C31C8718DF4}"
EndProject
Project("{2150E333-8FDC-42A3-9474-1A3956D46DE8}") = "Root", "Root", "{543B5B98-43E5-4C0A-A6FD-49F02CB6CA66}"
	ProjectSection(SolutionItems) = preProject
		.gitignore = .gitignore
		Readme.md = Readme.md
	EndProjectSection
EndProject
Global
	GlobalSection(SolutionConfigurationPlatforms) = preSolution
		Debug|Any CPU = Debug|Any CPU
		Release|Any CPU = Release|Any CPU
	EndGlobalSection
	GlobalSection(ProjectConfigurationPlatforms) = postSolution
		{14A83A83-44FC-427C-9640-1C31C8718DF4}.Debug|Any CPU.ActiveCfg = Debug|Any CPU
		{14A83A83-44FC-427C-9640-1C31C8718DF4}.Debug|Any CPU.Build.0 = Debug|Any CPU
		{14A83A83-44FC-427C-9640-1C31C8718DF4}.Release|Any CPU.ActiveCfg = Release|Any CPU
		{14A83A83-44FC-427C-9640-1C31C8718DF4}.Release|Any CPU.Build.0 = Release|Any CPU
	EndGlobalSection
	GlobalSection(SolutionProperties) = preSolution
		HideSolutionNode = FALSE
	EndGlobalSection
	GlobalSection(ExtensibilityGlobals) = postSolution
		SolutionGuid = {362B77CA-9579-41E6-8AA3-F2B2EA4E8744}
	EndGlobalSection
EndGlobal
